// !$*UTF8*$!
{
	archiveVersion = 1;
	classes = {
	};
	objectVersion = 46;
	objects = {

/* Begin PBXBuildFile section */
		3B1506051A5D72F6006D084C /* main.m in Sources */ = {isa = PBXBuildFile; fileRef = 3B1506041A5D72F6006D084C /* main.m */; };
		3B1506081A5D72F6006D084C /* AppDelegate.m in Sources */ = {isa = PBXBuildFile; fileRef = 3B1506071A5D72F6006D084C /* AppDelegate.m */; };
		3B15060B1A5D72F6006D084C /* ViewController.m in Sources */ = {isa = PBXBuildFile; fileRef = 3B15060A1A5D72F6006D084C /* ViewController.m */; };
		3B15060E1A5D72F6006D084C /* Main.storyboard in Resources */ = {isa = PBXBuildFile; fileRef = 3B15060C1A5D72F6006D084C /* Main.storyboard */; };
		3B1506101A5D72F6006D084C /* Images.xcassets in Resources */ = {isa = PBXBuildFile; fileRef = 3B15060F1A5D72F6006D084C /* Images.xcassets */; };
		3B1506131A5D72F6006D084C /* LaunchScreen.xib in Resources */ = {isa = PBXBuildFile; fileRef = 3B1506111A5D72F6006D084C /* LaunchScreen.xib */; };
		3B15061F1A5D72F6006D084C /* EverCraftTests.m in Sources */ = {isa = PBXBuildFile; fileRef = 3B15061E1A5D72F6006D084C /* EverCraftTests.m */; };
		3B15062A1A5D73C7006D084C /* Character.m in Sources */ = {isa = PBXBuildFile; fileRef = 3B1506291A5D73C7006D084C /* Character.m */; };
		3B15062B1A5D73DD006D084C /* Character.m in Sources */ = {isa = PBXBuildFile; fileRef = 3B1506291A5D73C7006D084C /* Character.m */; };
		3B15062E1A5D94CC006D084C /* Ability.m in Sources */ = {isa = PBXBuildFile; fileRef = 3B15062D1A5D94CC006D084C /* Ability.m */; };
		3B15062F1A5D94CC006D084C /* Ability.m in Sources */ = {isa = PBXBuildFile; fileRef = 3B15062D1A5D94CC006D084C /* Ability.m */; };
		3B1506311A5D9631006D084C /* AbilityTests.m in Sources */ = {isa = PBXBuildFile; fileRef = 3B1506301A5D9631006D084C /* AbilityTests.m */; };
/* End PBXBuildFile section */

/* Begin PBXContainerItemProxy section */
		3B1506191A5D72F6006D084C /* PBXContainerItemProxy */ = {
			isa = PBXContainerItemProxy;
			containerPortal = 3B1505F71A5D72F6006D084C /* Project object */;
			proxyType = 1;
			remoteGlobalIDString = 3B1505FE1A5D72F6006D084C;
			remoteInfo = EverCraft;
		};
/* End PBXContainerItemProxy section */

/* Begin PBXFileReference section */
		3B1505FF1A5D72F6006D084C /* EverCraft.app */ = {isa = PBXFileReference; explicitFileType = wrapper.application; includeInIndex = 0; path = EverCraft.app; sourceTree = BUILT_PRODUCTS_DIR; };
		3B1506031A5D72F6006D084C /* Info.plist */ = {isa = PBXFileReference; lastKnownFileType = text.plist.xml; path = Info.plist; sourceTree = "<group>"; };
		3B1506041A5D72F6006D084C /* main.m */ = {isa = PBXFileReference; lastKnownFileType = sourcecode.c.objc; path = main.m; sourceTree = "<group>"; };
		3B1506061A5D72F6006D084C /* AppDelegate.h */ = {isa = PBXFileReference; lastKnownFileType = sourcecode.c.h; path = AppDelegate.h; sourceTree = "<group>"; };
		3B1506071A5D72F6006D084C /* AppDelegate.m */ = {isa = PBXFileReference; lastKnownFileType = sourcecode.c.objc; path = AppDelegate.m; sourceTree = "<group>"; };
		3B1506091A5D72F6006D084C /* ViewController.h */ = {isa = PBXFileReference; lastKnownFileType = sourcecode.c.h; path = ViewController.h; sourceTree = "<group>"; };
		3B15060A1A5D72F6006D084C /* ViewController.m */ = {isa = PBXFileReference; lastKnownFileType = sourcecode.c.objc; path = ViewController.m; sourceTree = "<group>"; };
		3B15060D1A5D72F6006D084C /* Base */ = {isa = PBXFileReference; lastKnownFileType = file.storyboard; name = Base; path = Base.lproj/Main.storyboard; sourceTree = "<group>"; };
		3B15060F1A5D72F6006D084C /* Images.xcassets */ = {isa = PBXFileReference; lastKnownFileType = folder.assetcatalog; path = Images.xcassets; sourceTree = "<group>"; };
		3B1506121A5D72F6006D084C /* Base */ = {isa = PBXFileReference; lastKnownFileType = file.xib; name = Base; path = Base.lproj/LaunchScreen.xib; sourceTree = "<group>"; };
		3B1506181A5D72F6006D084C /* EverCraftTests.xctest */ = {isa = PBXFileReference; explicitFileType = wrapper.cfbundle; includeInIndex = 0; path = EverCraftTests.xctest; sourceTree = BUILT_PRODUCTS_DIR; };
		3B15061D1A5D72F6006D084C /* Info.plist */ = {isa = PBXFileReference; lastKnownFileType = text.plist.xml; path = Info.plist; sourceTree = "<group>"; };
		3B15061E1A5D72F6006D084C /* EverCraftTests.m */ = {isa = PBXFileReference; lastKnownFileType = sourcecode.c.objc; path = EverCraftTests.m; sourceTree = "<group>"; };
		3B1506281A5D73C7006D084C /* Character.h */ = {isa = PBXFileReference; fileEncoding = 4; lastKnownFileType = sourcecode.c.h; path = Character.h; sourceTree = "<group>"; };
		3B1506291A5D73C7006D084C /* Character.m */ = {isa = PBXFileReference; fileEncoding = 4; lastKnownFileType = sourcecode.c.objc; path = Character.m; sourceTree = "<group>"; };
		3B15062C1A5D94CC006D084C /* Ability.h */ = {isa = PBXFileReference; fileEncoding = 4; lastKnownFileType = sourcecode.c.h; path = Ability.h; sourceTree = "<group>"; };
		3B15062D1A5D94CC006D084C /* Ability.m */ = {isa = PBXFileReference; fileEncoding = 4; lastKnownFileType = sourcecode.c.objc; path = Ability.m; sourceTree = "<group>"; };
		3B1506301A5D9631006D084C /* AbilityTests.m */ = {isa = PBXFileReference; fileEncoding = 4; lastKnownFileType = sourcecode.c.objc; path = AbilityTests.m; sourceTree = "<group>"; };
/* End PBXFileReference section */

/* Begin PBXFrameworksBuildPhase section */
		3B1505FC1A5D72F6006D084C /* Frameworks */ = {
			isa = PBXFrameworksBuildPhase;
			buildActionMask = 2147483647;
			files = (
			);
			runOnlyForDeploymentPostprocessing = 0;
		};
		3B1506151A5D72F6006D084C /* Frameworks */ = {
			isa = PBXFrameworksBuildPhase;
			buildActionMask = 2147483647;
			files = (
			);
			runOnlyForDeploymentPostprocessing = 0;
		};
/* End PBXFrameworksBuildPhase section */

/* Begin PBXGroup section */
		3B1505F61A5D72F6006D084C = {
			isa = PBXGroup;
			children = (
				3B1506011A5D72F6006D084C /* EverCraft */,
				3B15061B1A5D72F6006D084C /* EverCraftTests */,
				3B1506001A5D72F6006D084C /* Products */,
			);
			sourceTree = "<group>";
		};
		3B1506001A5D72F6006D084C /* Products */ = {
			isa = PBXGroup;
			children = (
				3B1505FF1A5D72F6006D084C /* EverCraft.app */,
				3B1506181A5D72F6006D084C /* EverCraftTests.xctest */,
			);
			name = Products;
			sourceTree = "<group>";
		};
		3B1506011A5D72F6006D084C /* EverCraft */ = {
			isa = PBXGroup;
			children = (
				3B1506061A5D72F6006D084C /* AppDelegate.h */,
				3B1506071A5D72F6006D084C /* AppDelegate.m */,
				3B1506091A5D72F6006D084C /* ViewController.h */,
				3B15060A1A5D72F6006D084C /* ViewController.m */,
				3B15060C1A5D72F6006D084C /* Main.storyboard */,
				3B15060F1A5D72F6006D084C /* Images.xcassets */,
				3B1506111A5D72F6006D084C /* LaunchScreen.xib */,
				3B1506021A5D72F6006D084C /* Supporting Files */,
				3B1506281A5D73C7006D084C /* Character.h */,
				3B1506291A5D73C7006D084C /* Character.m */,
				3B15062C1A5D94CC006D084C /* Ability.h */,
				3B15062D1A5D94CC006D084C /* Ability.m */,
			);
			path = EverCraft;
			sourceTree = "<group>";
		};
		3B1506021A5D72F6006D084C /* Supporting Files */ = {
			isa = PBXGroup;
			children = (
				3B1506031A5D72F6006D084C /* Info.plist */,
				3B1506041A5D72F6006D084C /* main.m */,
			);
			name = "Supporting Files";
			sourceTree = "<group>";
		};
		3B15061B1A5D72F6006D084C /* EverCraftTests */ = {
			isa = PBXGroup;
			children = (
				3B15061E1A5D72F6006D084C /* EverCraftTests.m */,
				3B1506301A5D9631006D084C /* AbilityTests.m */,
				3B15061C1A5D72F6006D084C /* Supporting Files */,
			);
			path = EverCraftTests;
			sourceTree = "<group>";
		};
		3B15061C1A5D72F6006D084C /* Supporting Files */ = {
			isa = PBXGroup;
			children = (
				3B15061D1A5D72F6006D084C /* Info.plist */,
			);
			name = "Supporting Files";
			sourceTree = "<group>";
		};
/* End PBXGroup section */

/* Begin PBXNativeTarget section */
		3B1505FE1A5D72F6006D084C /* EverCraft */ = {
			isa = PBXNativeTarget;
			buildConfigurationList = 3B1506221A5D72F6006D084C /* Build configuration list for PBXNativeTarget "EverCraft" */;
			buildPhases = (
				3B1505FB1A5D72F6006D084C /* Sources */,
				3B1505FC1A5D72F6006D084C /* Frameworks */,
				3B1505FD1A5D72F6006D084C /* Resources */,
			);
			buildRules = (
			);
			dependencies = (
			);
			name = EverCraft;
			productName = EverCraft;
			productReference = 3B1505FF1A5D72F6006D084C /* EverCraft.app */;
			productType = "com.apple.product-type.application";
		};
		3B1506171A5D72F6006D084C /* EverCraftTests */ = {
			isa = PBXNativeTarget;
			buildConfigurationList = 3B1506251A5D72F6006D084C /* Build configuration list for PBXNativeTarget "EverCraftTests" */;
			buildPhases = (
				3B1506141A5D72F6006D084C /* Sources */,
				3B1506151A5D72F6006D084C /* Frameworks */,
				3B1506161A5D72F6006D084C /* Resources */,
			);
			buildRules = (
			);
			dependencies = (
				3B15061A1A5D72F6006D084C /* PBXTargetDependency */,
			);
			name = EverCraftTests;
			productName = EverCraftTests;
			productReference = 3B1506181A5D72F6006D084C /* EverCraftTests.xctest */;
			productType = "com.apple.product-type.bundle.unit-test";
		};
/* End PBXNativeTarget section */

/* Begin PBXProject section */
		3B1505F71A5D72F6006D084C /* Project object */ = {
			isa = PBXProject;
			attributes = {
				LastUpgradeCheck = 0610;
				ORGANIZATIONNAME = "Six Five Software, LLC";
				TargetAttributes = {
					3B1505FE1A5D72F6006D084C = {
						CreatedOnToolsVersion = 6.1.1;
					};
					3B1506171A5D72F6006D084C = {
						CreatedOnToolsVersion = 6.1.1;
						TestTargetID = 3B1505FE1A5D72F6006D084C;
					};
				};
			};
			buildConfigurationList = 3B1505FA1A5D72F6006D084C /* Build configuration list for PBXProject "EverCraft" */;
			compatibilityVersion = "Xcode 3.2";
			developmentRegion = English;
			hasScannedForEncodings = 0;
			knownRegions = (
				en,
				Base,
			);
			mainGroup = 3B1505F61A5D72F6006D084C;
			productRefGroup = 3B1506001A5D72F6006D084C /* Products */;
			projectDirPath = "";
			projectRoot = "";
			targets = (
				3B1505FE1A5D72F6006D084C /* EverCraft */,
				3B1506171A5D72F6006D084C /* EverCraftTests */,
			);
		};
/* End PBXProject section */

/* Begin PBXResourcesBuildPhase section */
		3B1505FD1A5D72F6006D084C /* Resources */ = {
			isa = PBXResourcesBuildPhase;
			buildActionMask = 2147483647;
			files = (
				3B15060E1A5D72F6006D084C /* Main.storyboard in Resources */,
				3B1506131A5D72F6006D084C /* LaunchScreen.xib in Resources */,
				3B1506101A5D72F6006D084C /* Images.xcassets in Resources */,
			);
			runOnlyForDeploymentPostprocessing = 0;
		};
		3B1506161A5D72F6006D084C /* Resources */ = {
			isa = PBXResourcesBuildPhase;
			buildActionMask = 2147483647;
			files = (
			);
			runOnlyForDeploymentPostprocessing = 0;
		};
/* End PBXResourcesBuildPhase section */

/* Begin PBXSourcesBuildPhase section */
		3B1505FB1A5D72F6006D084C /* Sources */ = {
			isa = PBXSourcesBuildPhase;
			buildActionMask = 2147483647;
			files = (
				3B15060B1A5D72F6006D084C /* ViewController.m in Sources */,
				3B15062E1A5D94CC006D084C /* Ability.m in Sources */,
				3B1506081A5D72F6006D084C /* AppDelegate.m in Sources */,
				3B1506051A5D72F6006D084C /* main.m in Sources */,
				3B15062A1A5D73C7006D084C /* Character.m in Sources */,
			);
			runOnlyForDeploymentPostprocessing = 0;
		};
		3B1506141A5D72F6006D084C /* Sources */ = {
			isa = PBXSourcesBuildPhase;
			buildActionMask = 2147483647;
			files = (
				3B15062F1A5D94CC006D084C /* Ability.m in Sources */,
				3B15061F1A5D72F6006D084C /* EverCraftTests.m in Sources */,
				3B1506311A5D9631006D084C /* AbilityTests.m in Sources */,
				3B15062B1A5D73DD006D084C /* Character.m in Sources */,
			);
			runOnlyForDeploymentPostprocessing = 0;
		};
/* End PBXSourcesBuildPhase section */

/* Begin PBXTargetDependency section */
		3B15061A1A5D72F6006D084C /* PBXTargetDependency */ = {
			isa = PBXTargetDependency;
			target = 3B1505FE1A5D72F6006D084C /* EverCraft */;
			targetProxy = 3B1506191A5D72F6006D084C /* PBXContainerItemProxy */;
		};
/* End PBXTargetDependency section */

/* Begin PBXVariantGroup section */
		3B15060C1A5D72F6006D084C /* Main.storyboard */ = {
			isa = PBXVariantGroup;
			children = (
				3B15060D1A5D72F6006D084C /* Base */,
			);
			name = Main.storyboard;
			sourceTree = "<group>";
		};
		3B1506111A5D72F6006D084C /* LaunchScreen.xib */ = {
			isa = PBXVariantGroup;
			children = (
				3B1506121A5D72F6006D084C /* Base */,
			);
			name = LaunchScreen.xib;
			sourceTree = "<group>";
		};
/* End PBXVariantGroup section */

/* Begin XCBuildConfiguration section */
		3B1506201A5D72F6006D084C /* Debug */ = {
			isa = XCBuildConfiguration;
			buildSettings = {
				ALWAYS_SEARCH_USER_PATHS = NO;
				CLANG_CXX_LANGUAGE_STANDARD = "gnu++0x";
				CLANG_CXX_LIBRARY = "libc++";
				CLANG_ENABLE_MODULES = YES;
				CLANG_ENABLE_OBJC_ARC = YES;
				CLANG_WARN_BOOL_CONVERSION = YES;
				CLANG_WARN_CONSTANT_CONVERSION = YES;
				CLANG_WARN_DIRECT_OBJC_ISA_USAGE = YES_ERROR;
				CLANG_WARN_EMPTY_BODY = YES;
				CLANG_WARN_ENUM_CONVERSION = YES;
				CLANG_WARN_INT_CONVERSION = YES;
				CLANG_WARN_OBJC_ROOT_CLASS = YES_ERROR;
				CLANG_WARN_UNREACHABLE_CODE = YES;
				CLANG_WARN__DUPLICATE_METHOD_MATCH = YES;
				"CODE_SIGN_IDENTITY[sdk=iphoneos*]" = "iPhone Developer";
				COPY_PHASE_STRIP = NO;
				ENABLE_STRICT_OBJC_MSGSEND = YES;
				GCC_C_LANGUAGE_STANDARD = gnu99;
				GCC_DYNAMIC_NO_PIC = NO;
				GCC_OPTIMIZATION_LEVEL = 0;
				GCC_PREPROCESSOR_DEFINITIONS = (
					"DEBUG=1",
					"$(inherited)",
				);
				GCC_SYMBOLS_PRIVATE_EXTERN = NO;
				GCC_WARN_64_TO_32_BIT_CONVERSION = YES;
				GCC_WARN_ABOUT_RETURN_TYPE = YES_ERROR;
				GCC_WARN_UNDECLARED_SELECTOR = YES;
				GCC_WARN_UNINITIALIZED_AUTOS = YES_AGGRESSIVE;
				GCC_WARN_UNUSED_FUNCTION = YES;
				GCC_WARN_UNUSED_VARIABLE = YES;
				IPHONEOS_DEPLOYMENT_TARGET = 8.1;
				MTL_ENABLE_DEBUG_INFO = YES;
				ONLY_ACTIVE_ARCH = YES;
				SDKROOT = iphoneos;
			};
			name = Debug;
		};
		3B1506211A5D72F6006D084C /* Release */ = {
			isa = XCBuildConfiguration;
			buildSettings = {
				ALWAYS_SEARCH_USER_PATHS = NO;
				CLANG_CXX_LANGUAGE_STANDARD = "gnu++0x";
				CLANG_CXX_LIBRARY = "libc++";
				CLANG_ENABLE_MODULES = YES;
				CLANG_ENABLE_OBJC_ARC = YES;
				CLANG_WARN_BOOL_CONVERSION = YES;
				CLANG_WARN_CONSTANT_CONVERSION = YES;
				CLANG_WARN_DIRECT_OBJC_ISA_USAGE = YES_ERROR;
				CLANG_WARN_EMPTY_BODY = YES;
				CLANG_WARN_ENUM_CONVERSION = YES;
				CLANG_WARN_INT_CONVERSION = YES;
				CLANG_WARN_OBJC_ROOT_CLASS = YES_ERROR;
				CLANG_WARN_UNREACHABLE_CODE = YES;
				CLANG_WARN__DUPLICATE_METHOD_MATCH = YES;
				"CODE_SIGN_IDENTITY[sdk=iphoneos*]" = "iPhone Developer";
				COPY_PHASE_STRIP = YES;
				ENABLE_NS_ASSERTIONS = NO;
				ENABLE_STRICT_OBJC_MSGSEND = YES;
				GCC_C_LANGUAGE_STANDARD = gnu99;
				GCC_WARN_64_TO_32_BIT_CONVERSION = YES;
				GCC_WARN_ABOUT_RETURN_TYPE = YES_ERROR;
				GCC_WARN_UNDECLARED_SELECTOR = YES;
				GCC_WARN_UNINITIALIZED_AUTOS = YES_AGGRESSIVE;
				GCC_WARN_UNUSED_FUNCTION = YES;
				GCC_WARN_UNUSED_VARIABLE = YES;
				IPHONEOS_DEPLOYMENT_TARGET = 8.1;
				MTL_ENABLE_DEBUG_INFO = NO;
				SDKROOT = iphoneos;
				VALIDATE_PRODUCT = YES;
			};
			name = Release;
		};
		3B1506231A5D72F6006D084C /* Debug */ = {
			isa = XCBuildConfiguration;
			buildSettings = {
				ASSETCATALOG_COMPILER_APPICON_NAME = AppIcon;
				INFOPLIST_FILE = EverCraft/Info.plist;
				LD_RUNPATH_SEARCH_PATHS = "$(inherited) @executable_path/Frameworks";
				PRODUCT_NAME = "$(TARGET_NAME)";
			};
			name = Debug;
		};
		3B1506241A5D72F6006D084C /* Release */ = {
			isa = XCBuildConfiguration;
			buildSettings = {
				ASSETCATALOG_COMPILER_APPICON_NAME = AppIcon;
				INFOPLIST_FILE = EverCraft/Info.plist;
				LD_RUNPATH_SEARCH_PATHS = "$(inherited) @executable_path/Frameworks";
				PRODUCT_NAME = "$(TARGET_NAME)";
			};
			name = Release;
		};
		3B1506261A5D72F6006D084C /* Debug */ = {
			isa = XCBuildConfiguration;
			buildSettings = {
				BUNDLE_LOADER = "$(TEST_HOST)";
				FRAMEWORK_SEARCH_PATHS = (
					"$(SDKROOT)/Developer/Library/Frameworks",
					"$(inherited)",
				);
				GCC_PREPROCESSOR_DEFINITIONS = (
					"DEBUG=1",
					"$(inherited)",
				);
				INFOPLIST_FILE = EverCraftTests/Info.plist;
				LD_RUNPATH_SEARCH_PATHS = "$(inherited) @executable_path/Frameworks @loader_path/Frameworks";
				PRODUCT_NAME = "$(TARGET_NAME)";
				TEST_HOST = "$(BUILT_PRODUCTS_DIR)/EverCraft.app/EverCraft";
			};
			name = Debug;
		};
		3B1506271A5D72F6006D084C /* Release */ = {
			isa = XCBuildConfiguration;
			buildSettings = {
				BUNDLE_LOADER = "$(TEST_HOST)";
				FRAMEWORK_SEARCH_PATHS = (
					"$(SDKROOT)/Developer/Library/Frameworks",
					"$(inherited)",
				);
				INFOPLIST_FILE = EverCraftTests/Info.plist;
				LD_RUNPATH_SEARCH_PATHS = "$(inherited) @executable_path/Frameworks @loader_path/Frameworks";
				PRODUCT_NAME = "$(TARGET_NAME)";
				TEST_HOST = "$(BUILT_PRODUCTS_DIR)/EverCraft.app/EverCraft";
			};
			name = Release;
		};
/* End XCBuildConfiguration section */

/* Begin XCConfigurationList section */
		3B1505FA1A5D72F6006D084C /* Build configuration list for PBXProject "EverCraft" */ = {
			isa = XCConfigurationList;
			buildConfigurations = (
				3B1506201A5D72F6006D084C /* Debug */,
				3B1506211A5D72F6006D084C /* Release */,
			);
			defaultConfigurationIsVisible = 0;
			defaultConfigurationName = Release;
		};
		3B1506221A5D72F6006D084C /* Build configuration list for PBXNativeTarget "EverCraft" */ = {
			isa = XCConfigurationList;
			buildConfigurations = (
				3B1506231A5D72F6006D084C /* Debug */,
				3B1506241A5D72F6006D084C /* Release */,
			);
			defaultConfigurationIsVisible = 0;
		};
		3B1506251A5D72F6006D084C /* Build configuration list for PBXNativeTarget "EverCraftTests" */ = {
			isa = XCConfigurationList;
			buildConfigurations = (
				3B1506261A5D72F6006D084C /* Debug */,
				3B1506271A5D72F6006D084C /* Release */,
			);
			defaultConfigurationIsVisible = 0;
		};
/* End XCConfigurationList section */
	};
	rootObject = 3B1505F71A5D72F6006D084C /* Project object */;
}
